
Microsoft Visual Studio Solution File, Format Version 12.00
# Visual Studio Version 17
VisualStudioVersion = 17.14.36301.6 d17.14
MinimumVisualStudioVersion = 10.0.40219.1
Project("{FAE04EC0-301F-11D3-BF4B-00C04F79EFBC}") = "DPM225452_DoanTrongNhan_36_RemoveControlFlag_1", "DPM225452_DoanTrongNhan_36_RemoveControlFlag_1\DPM225452_DoanTrongNhan_36_RemoveControlFlag_1.csproj", "{C3237AFF-EEDE-4C44-B6B9-B01ABF28DD7C}"
EndProject
Global
	GlobalSection(SolutionConfigurationPlatforms) = preSolution
		Debug|Any CPU = Debug|Any CPU
		Release|Any CPU = Release|Any CPU
	EndGlobalSection
	GlobalSection(ProjectConfigurationPlatforms) = postSolution
		{C3237AFF-EEDE-4C44-B6B9-B01ABF28DD7C}.Debug|Any CPU.ActiveCfg = Debug|Any CPU
		{C3237AFF-EEDE-4C44-B6B9-B01ABF28DD7C}.Debug|Any CPU.Build.0 = Debug|Any CPU
		{C3237AFF-EEDE-4C44-B6B9-B01ABF28DD7C}.Release|Any CPU.ActiveCfg = Release|Any CPU
		{C3237AFF-EEDE-4C44-B6B9-B01ABF28DD7C}.Release|Any CPU.Build.0 = Release|Any CPU
	EndGlobalSection
	GlobalSection(SolutionProperties) = preSolution
		HideSolutionNode = FALSE
	EndGlobalSection
	GlobalSection(ExtensibilityGlobals) = postSolution
		SolutionGuid = {64445872-2784-4567-A431-F1F3F65C0B8E}
	EndGlobalSection
EndGlobal
