
Microsoft Visual Studio Solution File, Format Version 12.00
# Visual Studio Version 17
VisualStudioVersion = 17.13.35919.96 d17.13
MinimumVisualStudioVersion = 10.0.40219.1
Project("{FAE04EC0-301F-11D3-BF4B-00C04F79EFBC}") = "DPM225414_TanNamDat_Refactory49_IntroduceParameterObject_after", "DPM225414_TanNamDat_Refactory49_IntroduceParameterObject_after.csproj", "{8934C2AC-89E2-4B28-BB30-BA4772AD4EC7}"
EndProject
Global
	GlobalSection(SolutionConfigurationPlatforms) = preSolution
		Debug|Any CPU = Debug|Any CPU
		Release|Any CPU = Release|Any CPU
	EndGlobalSection
	GlobalSection(ProjectConfigurationPlatforms) = postSolution
		{8934C2AC-89E2-4B28-BB30-BA4772AD4EC7}.Debug|Any CPU.ActiveCfg = Debug|Any CPU
		{8934C2AC-89E2-4B28-BB30-BA4772AD4EC7}.Debug|Any CPU.Build.0 = Debug|Any CPU
		{8934C2AC-89E2-4B28-BB30-BA4772AD4EC7}.Release|Any CPU.ActiveCfg = Release|Any CPU
		{8934C2AC-89E2-4B28-BB30-BA4772AD4EC7}.Release|Any CPU.Build.0 = Release|Any CPU
	EndGlobalSection
	GlobalSection(SolutionProperties) = preSolution
		HideSolutionNode = FALSE
	EndGlobalSection
	GlobalSection(ExtensibilityGlobals) = postSolution
		SolutionGuid = {D5A34534-1FA0-40A4-B8DE-547A60636618}
	EndGlobalSection
EndGlobal
