
Microsoft Visual Studio Solution File, Format Version 12.00
# Visual Studio Version 17
VisualStudioVersion = 17.14.36301.6 d17.14
MinimumVisualStudioVersion = 10.0.40219.1
Project("{FAE04EC0-301F-11D3-BF4B-00C04F79EFBC}") = "DPM225452_DoanTrongNhan_31_MaThanhTrangThai_2", "DPM225452_DoanTrongNhan_31_MaThanhTrangThai_2\DPM225452_DoanTrongNhan_31_MaThanhTrangThai_2.csproj", "{48939305-57AA-4945-B0E7-FFF4F9856AB6}"
EndProject
Global
	GlobalSection(SolutionConfigurationPlatforms) = preSolution
		Debug|Any CPU = Debug|Any CPU
		Release|Any CPU = Release|Any CPU
	EndGlobalSection
	GlobalSection(ProjectConfigurationPlatforms) = postSolution
		{48939305-57AA-4945-B0E7-FFF4F9856AB6}.Debug|Any CPU.ActiveCfg = Debug|Any CPU
		{48939305-57AA-4945-B0E7-FFF4F9856AB6}.Debug|Any CPU.Build.0 = Debug|Any CPU
		{48939305-57AA-4945-B0E7-FFF4F9856AB6}.Release|Any CPU.ActiveCfg = Release|Any CPU
		{48939305-57AA-4945-B0E7-FFF4F9856AB6}.Release|Any CPU.Build.0 = Release|Any CPU
	EndGlobalSection
	GlobalSection(SolutionProperties) = preSolution
		HideSolutionNode = FALSE
	EndGlobalSection
	GlobalSection(ExtensibilityGlobals) = postSolution
		SolutionGuid = {DCEED0DF-9A56-4AC1-9C58-567182518271}
	EndGlobalSection
EndGlobal
