
Microsoft Visual Studio Solution File, Format Version 12.00
# Visual Studio Version 17
VisualStudioVersion = 17.13.35919.96 d17.13
MinimumVisualStudioVersion = 10.0.40219.1
Project("{FAE04EC0-301F-11D3-BF4B-00C04F79EFBC}") = "DPM225414_TanNamDat_Refactory42_AddParameter_after", "DPM225414_TanNamDat_Refactory42_AddParameter_after.csproj", "{4C1C0D40-79E9-4F59-BE43-6F69D7BC8A48}"
EndProject
Global
	GlobalSection(SolutionConfigurationPlatforms) = preSolution
		Debug|Any CPU = Debug|Any CPU
		Release|Any CPU = Release|Any CPU
	EndGlobalSection
	GlobalSection(ProjectConfigurationPlatforms) = postSolution
		{4C1C0D40-79E9-4F59-BE43-6F69D7BC8A48}.Debug|Any CPU.ActiveCfg = Debug|Any CPU
		{4C1C0D40-79E9-4F59-BE43-6F69D7BC8A48}.Debug|Any CPU.Build.0 = Debug|Any CPU
		{4C1C0D40-79E9-4F59-BE43-6F69D7BC8A48}.Release|Any CPU.ActiveCfg = Release|Any CPU
		{4C1C0D40-79E9-4F59-BE43-6F69D7BC8A48}.Release|Any CPU.Build.0 = Release|Any CPU
	EndGlobalSection
	GlobalSection(SolutionProperties) = preSolution
		HideSolutionNode = FALSE
	EndGlobalSection
	GlobalSection(ExtensibilityGlobals) = postSolution
		SolutionGuid = {4C46AADD-5554-4F9B-B00D-90B166D0441B}
	EndGlobalSection
EndGlobal
