
Microsoft Visual Studio Solution File, Format Version 12.00
# Visual Studio Version 17
VisualStudioVersion = 17.14.36301.6 d17.14
MinimumVisualStudioVersion = 10.0.40219.1
Project("{FAE04EC0-301F-11D3-BF4B-00C04F79EFBC}") = "DPM225452_DoanTrongNhan_40_IntroduceAssertion_1", "DPM225452_DoanTrongNhan_40_IntroduceAssertion_1\DPM225452_DoanTrongNhan_40_IntroduceAssertion_1.csproj", "{6C73F3A8-CBC2-4972-9B8C-68FBDF4F5EFE}"
EndProject
Global
	GlobalSection(SolutionConfigurationPlatforms) = preSolution
		Debug|Any CPU = Debug|Any CPU
		Release|Any CPU = Release|Any CPU
	EndGlobalSection
	GlobalSection(ProjectConfigurationPlatforms) = postSolution
		{6C73F3A8-CBC2-4972-9B8C-68FBDF4F5EFE}.Debug|Any CPU.ActiveCfg = Debug|Any CPU
		{6C73F3A8-CBC2-4972-9B8C-68FBDF4F5EFE}.Debug|Any CPU.Build.0 = Debug|Any CPU
		{6C73F3A8-CBC2-4972-9B8C-68FBDF4F5EFE}.Release|Any CPU.ActiveCfg = Release|Any CPU
		{6C73F3A8-CBC2-4972-9B8C-68FBDF4F5EFE}.Release|Any CPU.Build.0 = Release|Any CPU
	EndGlobalSection
	GlobalSection(SolutionProperties) = preSolution
		HideSolutionNode = FALSE
	EndGlobalSection
	GlobalSection(ExtensibilityGlobals) = postSolution
		SolutionGuid = {96A6123C-83C1-4A03-B8B0-0548EDD75C51}
	EndGlobalSection
EndGlobal
