
Microsoft Visual Studio Solution File, Format Version 12.00
# Visual Studio Version 17
VisualStudioVersion = 17.10.35027.167
MinimumVisualStudioVersion = 10.0.40219.1
Project("{FAE04EC0-301F-11D3-BF4B-00C04F79EFBC}") = "DPM225414_TanNamDat_Refactory10_MoveMethod_after", "DPM225414_TanNamDat_Refactory10_MoveMethod_after.csproj", "{F18A2981-1B4D-4514-B6ED-7BC419A4EFA2}"
EndProject
Global
	GlobalSection(SolutionConfigurationPlatforms) = preSolution
		Debug|Any CPU = Debug|Any CPU
		Release|Any CPU = Release|Any CPU
	EndGlobalSection
	GlobalSection(ProjectConfigurationPlatforms) = postSolution
		{F18A2981-1B4D-4514-B6ED-7BC419A4EFA2}.Debug|Any CPU.ActiveCfg = Debug|Any CPU
		{F18A2981-1B4D-4514-B6ED-7BC419A4EFA2}.Debug|Any CPU.Build.0 = Debug|Any CPU
		{F18A2981-1B4D-4514-B6ED-7BC419A4EFA2}.Release|Any CPU.ActiveCfg = Release|Any CPU
		{F18A2981-1B4D-4514-B6ED-7BC419A4EFA2}.Release|Any CPU.Build.0 = Release|Any CPU
	EndGlobalSection
	GlobalSection(SolutionProperties) = preSolution
		HideSolutionNode = FALSE
	EndGlobalSection
	GlobalSection(ExtensibilityGlobals) = postSolution
		SolutionGuid = {61293FD8-5801-482D-A1CE-2B40C63B09EB}
	EndGlobalSection
EndGlobal
