
Microsoft Visual Studio Solution File, Format Version 12.00
# Visual Studio Version 17
VisualStudioVersion = 17.13.35919.96 d17.13
MinimumVisualStudioVersion = 10.0.40219.1
Project("{FAE04EC0-301F-11D3-BF4B-00C04F79EFBC}") = "DPM225414_TanNamDat_Refactory49_IntroduceParameterObject_before", "DPM225414_TanNamDat_Refactory49_IntroduceParameterObject_before.csproj", "{5CFC94E7-969A-4DA7-BC99-5C28A8DA2620}"
EndProject
Global
	GlobalSection(SolutionConfigurationPlatforms) = preSolution
		Debug|Any CPU = Debug|Any CPU
		Release|Any CPU = Release|Any CPU
	EndGlobalSection
	GlobalSection(ProjectConfigurationPlatforms) = postSolution
		{5CFC94E7-969A-4DA7-BC99-5C28A8DA2620}.Debug|Any CPU.ActiveCfg = Debug|Any CPU
		{5CFC94E7-969A-4DA7-BC99-5C28A8DA2620}.Debug|Any CPU.Build.0 = Debug|Any CPU
		{5CFC94E7-969A-4DA7-BC99-5C28A8DA2620}.Release|Any CPU.ActiveCfg = Release|Any CPU
		{5CFC94E7-969A-4DA7-BC99-5C28A8DA2620}.Release|Any CPU.Build.0 = Release|Any CPU
	EndGlobalSection
	GlobalSection(SolutionProperties) = preSolution
		HideSolutionNode = FALSE
	EndGlobalSection
	GlobalSection(ExtensibilityGlobals) = postSolution
		SolutionGuid = {F76DEE46-EDE9-44F3-806D-B60A9C244BA8}
	EndGlobalSection
EndGlobal
