
Microsoft Visual Studio Solution File, Format Version 12.00
# Visual Studio Version 17
VisualStudioVersion = 17.13.35919.96 d17.13
MinimumVisualStudioVersion = 10.0.40219.1
Project("{FAE04EC0-301F-11D3-BF4B-00C04F79EFBC}") = "DPM225414_TanNamDat_Refactory50_RemoveSettingMethod_after", "DPM225414_TanNamDat_Refactory50_RemoveSettingMethod_after.csproj", "{5A3CD615-4A24-4332-8766-CBA08810A78A}"
EndProject
Global
	GlobalSection(SolutionConfigurationPlatforms) = preSolution
		Debug|Any CPU = Debug|Any CPU
		Release|Any CPU = Release|Any CPU
	EndGlobalSection
	GlobalSection(ProjectConfigurationPlatforms) = postSolution
		{5A3CD615-4A24-4332-8766-CBA08810A78A}.Debug|Any CPU.ActiveCfg = Debug|Any CPU
		{5A3CD615-4A24-4332-8766-CBA08810A78A}.Debug|Any CPU.Build.0 = Debug|Any CPU
		{5A3CD615-4A24-4332-8766-CBA08810A78A}.Release|Any CPU.ActiveCfg = Release|Any CPU
		{5A3CD615-4A24-4332-8766-CBA08810A78A}.Release|Any CPU.Build.0 = Release|Any CPU
	EndGlobalSection
	GlobalSection(SolutionProperties) = preSolution
		HideSolutionNode = FALSE
	EndGlobalSection
	GlobalSection(ExtensibilityGlobals) = postSolution
		SolutionGuid = {C8A7AE21-8966-4A40-B960-C08C51AF4BEC}
	EndGlobalSection
EndGlobal
