
Microsoft Visual Studio Solution File, Format Version 12.00
# Visual Studio Version 17
VisualStudioVersion = 17.13.35919.96 d17.13
MinimumVisualStudioVersion = 10.0.40219.1
Project("{FAE04EC0-301F-11D3-BF4B-00C04F79EFBC}") = "DPM225414_TanNamDat_Refactory56_PullUpMethod_before", "DPM225414_TanNamDat_Refactory56_PullUpMethod_before.csproj", "{A876E038-FF25-4B0F-BE60-AE6392309F09}"
EndProject
Global
	GlobalSection(SolutionConfigurationPlatforms) = preSolution
		Debug|Any CPU = Debug|Any CPU
		Release|Any CPU = Release|Any CPU
	EndGlobalSection
	GlobalSection(ProjectConfigurationPlatforms) = postSolution
		{A876E038-FF25-4B0F-BE60-AE6392309F09}.Debug|Any CPU.ActiveCfg = Debug|Any CPU
		{A876E038-FF25-4B0F-BE60-AE6392309F09}.Debug|Any CPU.Build.0 = Debug|Any CPU
		{A876E038-FF25-4B0F-BE60-AE6392309F09}.Release|Any CPU.ActiveCfg = Release|Any CPU
		{A876E038-FF25-4B0F-BE60-AE6392309F09}.Release|Any CPU.Build.0 = Release|Any CPU
	EndGlobalSection
	GlobalSection(SolutionProperties) = preSolution
		HideSolutionNode = FALSE
	EndGlobalSection
	GlobalSection(ExtensibilityGlobals) = postSolution
		SolutionGuid = {0A04150A-A380-4316-B72F-6F931C0C6147}
	EndGlobalSection
EndGlobal
