
Microsoft Visual Studio Solution File, Format Version 12.00
# Visual Studio Version 17
VisualStudioVersion = 17.10.35027.167
MinimumVisualStudioVersion = 10.0.40219.1
Project("{FAE04EC0-301F-11D3-BF4B-00C04F79EFBC}") = "DPM225414_TanNamDat_Refactory11_MoveField_before", "DPM225414_TanNamDat_Refactory11_MoveField_before.csproj", "{81D8999A-2BE3-4D08-9EC2-A5BDAE3B41DB}"
EndProject
Global
	GlobalSection(SolutionConfigurationPlatforms) = preSolution
		Debug|Any CPU = Debug|Any CPU
		Release|Any CPU = Release|Any CPU
	EndGlobalSection
	GlobalSection(ProjectConfigurationPlatforms) = postSolution
		{81D8999A-2BE3-4D08-9EC2-A5BDAE3B41DB}.Debug|Any CPU.ActiveCfg = Debug|Any CPU
		{81D8999A-2BE3-4D08-9EC2-A5BDAE3B41DB}.Debug|Any CPU.Build.0 = Debug|Any CPU
		{81D8999A-2BE3-4D08-9EC2-A5BDAE3B41DB}.Release|Any CPU.ActiveCfg = Release|Any CPU
		{81D8999A-2BE3-4D08-9EC2-A5BDAE3B41DB}.Release|Any CPU.Build.0 = Release|Any CPU
	EndGlobalSection
	GlobalSection(SolutionProperties) = preSolution
		HideSolutionNode = FALSE
	EndGlobalSection
	GlobalSection(ExtensibilityGlobals) = postSolution
		SolutionGuid = {4D1087D0-6AC3-40EF-BFC7-8B26D4D802B3}
	EndGlobalSection
EndGlobal
