
Microsoft Visual Studio Solution File, Format Version 12.00
# Visual Studio Version 17
VisualStudioVersion = 17.14.36301.6 d17.14
MinimumVisualStudioVersion = 10.0.40219.1
Project("{FAE04EC0-301F-11D3-BF4B-00C04F79EFBC}") = "DPM225452_DoanTrongNhan_39_IntroduceNullObject_2", "DPM225452_DoanTrongNhan_39_IntroduceNullObject_2\DPM225452_DoanTrongNhan_39_IntroduceNullObject_2.csproj", "{7F9A5BA1-BFB8-4D78-B452-66B46B7975E3}"
EndProject
Global
	GlobalSection(SolutionConfigurationPlatforms) = preSolution
		Debug|Any CPU = Debug|Any CPU
		Release|Any CPU = Release|Any CPU
	EndGlobalSection
	GlobalSection(ProjectConfigurationPlatforms) = postSolution
		{7F9A5BA1-BFB8-4D78-B452-66B46B7975E3}.Debug|Any CPU.ActiveCfg = Debug|Any CPU
		{7F9A5BA1-BFB8-4D78-B452-66B46B7975E3}.Debug|Any CPU.Build.0 = Debug|Any CPU
		{7F9A5BA1-BFB8-4D78-B452-66B46B7975E3}.Release|Any CPU.ActiveCfg = Release|Any CPU
		{7F9A5BA1-BFB8-4D78-B452-66B46B7975E3}.Release|Any CPU.Build.0 = Release|Any CPU
	EndGlobalSection
	GlobalSection(SolutionProperties) = preSolution
		HideSolutionNode = FALSE
	EndGlobalSection
	GlobalSection(ExtensibilityGlobals) = postSolution
		SolutionGuid = {7D0B829E-D7A1-41D6-8CF8-07EE15C9C89A}
	EndGlobalSection
EndGlobal
