
Microsoft Visual Studio Solution File, Format Version 12.00
# Visual Studio Version 17
VisualStudioVersion = 17.14.36301.6 d17.14
MinimumVisualStudioVersion = 10.0.40219.1
Project("{FAE04EC0-301F-11D3-BF4B-00C04F79EFBC}") = "DPM225452_DoanTrongNhan_21_ChangeReferencetoValue_2", "DPM225452_DoanTrongNhan_21_ChangeReferencetoValue_2\DPM225452_DoanTrongNhan_21_ChangeReferencetoValue_2.csproj", "{F62CE33C-EB7D-4ADD-8C78-6A64E312043D}"
EndProject
Global
	GlobalSection(SolutionConfigurationPlatforms) = preSolution
		Debug|Any CPU = Debug|Any CPU
		Release|Any CPU = Release|Any CPU
	EndGlobalSection
	GlobalSection(ProjectConfigurationPlatforms) = postSolution
		{F62CE33C-EB7D-4ADD-8C78-6A64E312043D}.Debug|Any CPU.ActiveCfg = Debug|Any CPU
		{F62CE33C-EB7D-4ADD-8C78-6A64E312043D}.Debug|Any CPU.Build.0 = Debug|Any CPU
		{F62CE33C-EB7D-4ADD-8C78-6A64E312043D}.Release|Any CPU.ActiveCfg = Release|Any CPU
		{F62CE33C-EB7D-4ADD-8C78-6A64E312043D}.Release|Any CPU.Build.0 = Release|Any CPU
	EndGlobalSection
	GlobalSection(SolutionProperties) = preSolution
		HideSolutionNode = FALSE
	EndGlobalSection
	GlobalSection(ExtensibilityGlobals) = postSolution
		SolutionGuid = {A18A0B36-7481-48EF-A922-F59A5CA0447D}
	EndGlobalSection
EndGlobal
