
Microsoft Visual Studio Solution File, Format Version 12.00
# Visual Studio Version 17
VisualStudioVersion = 17.13.35919.96 d17.13
MinimumVisualStudioVersion = 10.0.40219.1
Project("{FAE04EC0-301F-11D3-BF4B-00C04F79EFBC}") = "DPM225414_TranNamDat_Refactory06_SplitTemporaryVariable_before", "DPM225414_TranNamDat_Refactory06_SplitTemporaryVariable_before.csproj", "{C121776F-2932-4F28-8981-62C3E53D9C12}"
EndProject
Global
	GlobalSection(SolutionConfigurationPlatforms) = preSolution
		Debug|Any CPU = Debug|Any CPU
		Release|Any CPU = Release|Any CPU
	EndGlobalSection
	GlobalSection(ProjectConfigurationPlatforms) = postSolution
		{C121776F-2932-4F28-8981-62C3E53D9C12}.Debug|Any CPU.ActiveCfg = Debug|Any CPU
		{C121776F-2932-4F28-8981-62C3E53D9C12}.Debug|Any CPU.Build.0 = Debug|Any CPU
		{C121776F-2932-4F28-8981-62C3E53D9C12}.Release|Any CPU.ActiveCfg = Release|Any CPU
		{C121776F-2932-4F28-8981-62C3E53D9C12}.Release|Any CPU.Build.0 = Release|Any CPU
	EndGlobalSection
	GlobalSection(SolutionProperties) = preSolution
		HideSolutionNode = FALSE
	EndGlobalSection
	GlobalSection(ExtensibilityGlobals) = postSolution
		SolutionGuid = {E11A3C34-7CEB-4274-8799-B2BA7AB8A0E6}
	EndGlobalSection
EndGlobal
