
Microsoft Visual Studio Solution File, Format Version 12.00
# Visual Studio Version 17
VisualStudioVersion = 17.14.36301.6 d17.14
MinimumVisualStudioVersion = 10.0.40219.1
Project("{FAE04EC0-301F-11D3-BF4B-00C04F79EFBC}") = "DPM225452_DoanTrongNhan_29_ReplaceSubclasswithFields_2", "DPM225452_DoanTrongNhan_29_ReplaceSubclasswithFields_2\DPM225452_DoanTrongNhan_29_ReplaceSubclasswithFields_2.csproj", "{65DF7FF0-2F99-42EE-92EA-EB56335AFA17}"
EndProject
Global
	GlobalSection(SolutionConfigurationPlatforms) = preSolution
		Debug|Any CPU = Debug|Any CPU
		Release|Any CPU = Release|Any CPU
	EndGlobalSection
	GlobalSection(ProjectConfigurationPlatforms) = postSolution
		{65DF7FF0-2F99-42EE-92EA-EB56335AFA17}.Debug|Any CPU.ActiveCfg = Debug|Any CPU
		{65DF7FF0-2F99-42EE-92EA-EB56335AFA17}.Debug|Any CPU.Build.0 = Debug|Any CPU
		{65DF7FF0-2F99-42EE-92EA-EB56335AFA17}.Release|Any CPU.ActiveCfg = Release|Any CPU
		{65DF7FF0-2F99-42EE-92EA-EB56335AFA17}.Release|Any CPU.Build.0 = Release|Any CPU
	EndGlobalSection
	GlobalSection(SolutionProperties) = preSolution
		HideSolutionNode = FALSE
	EndGlobalSection
	GlobalSection(ExtensibilityGlobals) = postSolution
		SolutionGuid = {21F52EBC-C7E3-42EC-9C6B-96BA7EE78910}
	EndGlobalSection
EndGlobal
