
Microsoft Visual Studio Solution File, Format Version 12.00
# Visual Studio Version 17
VisualStudioVersion = 17.14.36301.6 d17.14
MinimumVisualStudioVersion = 10.0.40219.1
Project("{FAE04EC0-301F-11D3-BF4B-00C04F79EFBC}") = "DPM225452_DoanTrongNhan_23_DuplicateObservedData_1", "DPM225452_DoanTrongNhan_23_DuplicateObservedData_1\DPM225452_DoanTrongNhan_23_DuplicateObservedData_1.csproj", "{FB66D180-5393-49B9-B583-6E245FDF9BBC}"
EndProject
Global
	GlobalSection(SolutionConfigurationPlatforms) = preSolution
		Debug|Any CPU = Debug|Any CPU
		Release|Any CPU = Release|Any CPU
	EndGlobalSection
	GlobalSection(ProjectConfigurationPlatforms) = postSolution
		{FB66D180-5393-49B9-B583-6E245FDF9BBC}.Debug|Any CPU.ActiveCfg = Debug|Any CPU
		{FB66D180-5393-49B9-B583-6E245FDF9BBC}.Debug|Any CPU.Build.0 = Debug|Any CPU
		{FB66D180-5393-49B9-B583-6E245FDF9BBC}.Release|Any CPU.ActiveCfg = Release|Any CPU
		{FB66D180-5393-49B9-B583-6E245FDF9BBC}.Release|Any CPU.Build.0 = Release|Any CPU
	EndGlobalSection
	GlobalSection(SolutionProperties) = preSolution
		HideSolutionNode = FALSE
	EndGlobalSection
	GlobalSection(ExtensibilityGlobals) = postSolution
		SolutionGuid = {279DA4AC-9B46-495D-A76A-4104346A77BD}
	EndGlobalSection
EndGlobal
