
Microsoft Visual Studio Solution File, Format Version 12.00
# Visual Studio Version 17
VisualStudioVersion = 17.14.36301.6 d17.14
MinimumVisualStudioVersion = 10.0.40219.1
Project("{FAE04EC0-301F-11D3-BF4B-00C04F79EFBC}") = "DPM225452_DoanTrongNhan_ReplaceDataValuewithObject_2", "DPM225452_DoanTrongNhan_ReplaceDataValuewithObject_2\DPM225452_DoanTrongNhan_ReplaceDataValuewithObject_2.csproj", "{F6DCB2EB-C1A5-4E77-A75E-FD34A5F025EC}"
EndProject
Global
	GlobalSection(SolutionConfigurationPlatforms) = preSolution
		Debug|Any CPU = Debug|Any CPU
		Release|Any CPU = Release|Any CPU
	EndGlobalSection
	GlobalSection(ProjectConfigurationPlatforms) = postSolution
		{F6DCB2EB-C1A5-4E77-A75E-FD34A5F025EC}.Debug|Any CPU.ActiveCfg = Debug|Any CPU
		{F6DCB2EB-C1A5-4E77-A75E-FD34A5F025EC}.Debug|Any CPU.Build.0 = Debug|Any CPU
		{F6DCB2EB-C1A5-4E77-A75E-FD34A5F025EC}.Release|Any CPU.ActiveCfg = Release|Any CPU
		{F6DCB2EB-C1A5-4E77-A75E-FD34A5F025EC}.Release|Any CPU.Build.0 = Release|Any CPU
	EndGlobalSection
	GlobalSection(SolutionProperties) = preSolution
		HideSolutionNode = FALSE
	EndGlobalSection
	GlobalSection(ExtensibilityGlobals) = postSolution
		SolutionGuid = {4AB92019-C719-40BB-ACF8-0C0074DCD3DB}
	EndGlobalSection
EndGlobal
