
Microsoft Visual Studio Solution File, Format Version 12.00
# Visual Studio Version 17
VisualStudioVersion = 17.13.35919.96 d17.13
MinimumVisualStudioVersion = 10.0.40219.1
Project("{FAE04EC0-301F-11D3-BF4B-00C04F79EFBC}") = "DPM225414_TanNamDat_Refactory63_CollapseHierarchy_after", "DPM225414_TanNamDat_Refactory63_CollapseHierarchy_after.csproj", "{5B02DBA9-E20C-40D6-8304-65958D64C783}"
EndProject
Global
	GlobalSection(SolutionConfigurationPlatforms) = preSolution
		Debug|Any CPU = Debug|Any CPU
		Release|Any CPU = Release|Any CPU
	EndGlobalSection
	GlobalSection(ProjectConfigurationPlatforms) = postSolution
		{5B02DBA9-E20C-40D6-8304-65958D64C783}.Debug|Any CPU.ActiveCfg = Debug|Any CPU
		{5B02DBA9-E20C-40D6-8304-65958D64C783}.Debug|Any CPU.Build.0 = Debug|Any CPU
		{5B02DBA9-E20C-40D6-8304-65958D64C783}.Release|Any CPU.ActiveCfg = Release|Any CPU
		{5B02DBA9-E20C-40D6-8304-65958D64C783}.Release|Any CPU.Build.0 = Release|Any CPU
	EndGlobalSection
	GlobalSection(SolutionProperties) = preSolution
		HideSolutionNode = FALSE
	EndGlobalSection
	GlobalSection(ExtensibilityGlobals) = postSolution
		SolutionGuid = {F69844C8-FF35-4382-8DF4-95EEA50141C4}
	EndGlobalSection
EndGlobal
