
Microsoft Visual Studio Solution File, Format Version 12.00
# Visual Studio Version 17
VisualStudioVersion = 17.13.35919.96 d17.13
MinimumVisualStudioVersion = 10.0.40219.1
Project("{FAE04EC0-301F-11D3-BF4B-00C04F79EFBC}") = "DPM225414_TranNamDat_Refactory06_SplitTemporaryVariable_after", "DPM225414_TranNamDat_Refactory06_SplitTemporaryVariable_after.csproj", "{5F38A29A-BF27-4998-8FBE-B60B25AB3B98}"
EndProject
Global
	GlobalSection(SolutionConfigurationPlatforms) = preSolution
		Debug|Any CPU = Debug|Any CPU
		Release|Any CPU = Release|Any CPU
	EndGlobalSection
	GlobalSection(ProjectConfigurationPlatforms) = postSolution
		{5F38A29A-BF27-4998-8FBE-B60B25AB3B98}.Debug|Any CPU.ActiveCfg = Debug|Any CPU
		{5F38A29A-BF27-4998-8FBE-B60B25AB3B98}.Debug|Any CPU.Build.0 = Debug|Any CPU
		{5F38A29A-BF27-4998-8FBE-B60B25AB3B98}.Release|Any CPU.ActiveCfg = Release|Any CPU
		{5F38A29A-BF27-4998-8FBE-B60B25AB3B98}.Release|Any CPU.Build.0 = Release|Any CPU
	EndGlobalSection
	GlobalSection(SolutionProperties) = preSolution
		HideSolutionNode = FALSE
	EndGlobalSection
	GlobalSection(ExtensibilityGlobals) = postSolution
		SolutionGuid = {E3BF06D9-959D-4A83-ADA7-6F7E219F899D}
	EndGlobalSection
EndGlobal
