
Microsoft Visual Studio Solution File, Format Version 12.00
# Visual Studio Version 17
VisualStudioVersion = 17.14.36301.6 d17.14
MinimumVisualStudioVersion = 10.0.40219.1
Project("{FAE04EC0-301F-11D3-BF4B-00C04F79EFBC}") = "DPM225452_DoanTrongNhan_37_DKLong2MenhDe_2", "DPM225452_DoanTrongNhan_37_DKLong2MenhDe_2\DPM225452_DoanTrongNhan_37_DKLong2MenhDe_2.csproj", "{42E70EBD-ADB5-4AE7-A64C-538F6401EABB}"
EndProject
Global
	GlobalSection(SolutionConfigurationPlatforms) = preSolution
		Debug|Any CPU = Debug|Any CPU
		Release|Any CPU = Release|Any CPU
	EndGlobalSection
	GlobalSection(ProjectConfigurationPlatforms) = postSolution
		{42E70EBD-ADB5-4AE7-A64C-538F6401EABB}.Debug|Any CPU.ActiveCfg = Debug|Any CPU
		{42E70EBD-ADB5-4AE7-A64C-538F6401EABB}.Debug|Any CPU.Build.0 = Debug|Any CPU
		{42E70EBD-ADB5-4AE7-A64C-538F6401EABB}.Release|Any CPU.ActiveCfg = Release|Any CPU
		{42E70EBD-ADB5-4AE7-A64C-538F6401EABB}.Release|Any CPU.Build.0 = Release|Any CPU
	EndGlobalSection
	GlobalSection(SolutionProperties) = preSolution
		HideSolutionNode = FALSE
	EndGlobalSection
	GlobalSection(ExtensibilityGlobals) = postSolution
		SolutionGuid = {98984F87-A597-4B47-A43E-2674F9433B52}
	EndGlobalSection
EndGlobal
