
Microsoft Visual Studio Solution File, Format Version 12.00
# Visual Studio Version 17
VisualStudioVersion = 17.13.35919.96 d17.13
MinimumVisualStudioVersion = 10.0.40219.1
Project("{FAE04EC0-301F-11D3-BF4B-00C04F79EFBC}") = "DPM225414_TanNamDat_Refactory62_ExtractInterface_after", "DPM225414_TanNamDat_Refactory62_ExtractInterface_after.csproj", "{5CAD3034-9971-4888-A232-73D46B4AB484}"
EndProject
Global
	GlobalSection(SolutionConfigurationPlatforms) = preSolution
		Debug|Any CPU = Debug|Any CPU
		Release|Any CPU = Release|Any CPU
	EndGlobalSection
	GlobalSection(ProjectConfigurationPlatforms) = postSolution
		{5CAD3034-9971-4888-A232-73D46B4AB484}.Debug|Any CPU.ActiveCfg = Debug|Any CPU
		{5CAD3034-9971-4888-A232-73D46B4AB484}.Debug|Any CPU.Build.0 = Debug|Any CPU
		{5CAD3034-9971-4888-A232-73D46B4AB484}.Release|Any CPU.ActiveCfg = Release|Any CPU
		{5CAD3034-9971-4888-A232-73D46B4AB484}.Release|Any CPU.Build.0 = Release|Any CPU
	EndGlobalSection
	GlobalSection(SolutionProperties) = preSolution
		HideSolutionNode = FALSE
	EndGlobalSection
	GlobalSection(ExtensibilityGlobals) = postSolution
		SolutionGuid = {995D1AC5-E895-4B79-BCE0-9FCB593087E1}
	EndGlobalSection
EndGlobal
