
Microsoft Visual Studio Solution File, Format Version 12.00
# Visual Studio Version 17
VisualStudioVersion = 17.14.36301.6 d17.14
MinimumVisualStudioVersion = 10.0.40219.1
Project("{FAE04EC0-301F-11D3-BF4B-00C04F79EFBC}") = "DPM225452_DoanTrongNhan_Refactoty18_SelfEncapsulateField", "DPM225452_DoanTrongNhan_Refactoty18_SelfEncapsulateField\DPM225452_DoanTrongNhan_Refactoty18_SelfEncapsulateField.csproj", "{EE3D0245-07F4-43D7-8C96-4FA3E79806B5}"
EndProject
Global
	GlobalSection(SolutionConfigurationPlatforms) = preSolution
		Debug|Any CPU = Debug|Any CPU
		Release|Any CPU = Release|Any CPU
	EndGlobalSection
	GlobalSection(ProjectConfigurationPlatforms) = postSolution
		{EE3D0245-07F4-43D7-8C96-4FA3E79806B5}.Debug|Any CPU.ActiveCfg = Debug|Any CPU
		{EE3D0245-07F4-43D7-8C96-4FA3E79806B5}.Debug|Any CPU.Build.0 = Debug|Any CPU
		{EE3D0245-07F4-43D7-8C96-4FA3E79806B5}.Release|Any CPU.ActiveCfg = Release|Any CPU
		{EE3D0245-07F4-43D7-8C96-4FA3E79806B5}.Release|Any CPU.Build.0 = Release|Any CPU
	EndGlobalSection
	GlobalSection(SolutionProperties) = preSolution
		HideSolutionNode = FALSE
	EndGlobalSection
	GlobalSection(ExtensibilityGlobals) = postSolution
		SolutionGuid = {8A5FA61D-C1AA-403B-8ADF-71C05758B5E2}
	EndGlobalSection
EndGlobal
