
Microsoft Visual Studio Solution File, Format Version 12.00
# Visual Studio Version 17
VisualStudioVersion = 17.14.36301.6 d17.14
MinimumVisualStudioVersion = 10.0.40219.1
Project("{FAE04EC0-301F-11D3-BF4B-00C04F79EFBC}") = "DPM225452_DoanTrongNhan_20_ChangeValuetoReference_2", "DPM225452_DoanTrongNhan_20_ChangeValuetoReference_2\DPM225452_DoanTrongNhan_20_ChangeValuetoReference_2.csproj", "{E402159E-089B-43FE-A603-151A91CEAFB6}"
EndProject
Global
	GlobalSection(SolutionConfigurationPlatforms) = preSolution
		Debug|Any CPU = Debug|Any CPU
		Release|Any CPU = Release|Any CPU
	EndGlobalSection
	GlobalSection(ProjectConfigurationPlatforms) = postSolution
		{E402159E-089B-43FE-A603-151A91CEAFB6}.Debug|Any CPU.ActiveCfg = Debug|Any CPU
		{E402159E-089B-43FE-A603-151A91CEAFB6}.Debug|Any CPU.Build.0 = Debug|Any CPU
		{E402159E-089B-43FE-A603-151A91CEAFB6}.Release|Any CPU.ActiveCfg = Release|Any CPU
		{E402159E-089B-43FE-A603-151A91CEAFB6}.Release|Any CPU.Build.0 = Release|Any CPU
	EndGlobalSection
	GlobalSection(SolutionProperties) = preSolution
		HideSolutionNode = FALSE
	EndGlobalSection
	GlobalSection(ExtensibilityGlobals) = postSolution
		SolutionGuid = {237E1680-DB52-4BF8-ACC2-BBF3A249214F}
	EndGlobalSection
EndGlobal
