
Microsoft Visual Studio Solution File, Format Version 12.00
# Visual Studio Version 17
VisualStudioVersion = 17.14.36301.6 d17.14
MinimumVisualStudioVersion = 10.0.40219.1
Project("{FAE04EC0-301F-11D3-BF4B-00C04F79EFBC}") = "DPM225452_DoanTrongNhan_23_DuplicateObservedData_2", "DPM225452_DoanTrongNhan_23_DuplicateObservedData_2\DPM225452_DoanTrongNhan_23_DuplicateObservedData_2.csproj", "{70CFF0CF-F167-4A0F-BE3B-C55C637FFD6A}"
EndProject
Global
	GlobalSection(SolutionConfigurationPlatforms) = preSolution
		Debug|Any CPU = Debug|Any CPU
		Release|Any CPU = Release|Any CPU
	EndGlobalSection
	GlobalSection(ProjectConfigurationPlatforms) = postSolution
		{70CFF0CF-F167-4A0F-BE3B-C55C637FFD6A}.Debug|Any CPU.ActiveCfg = Debug|Any CPU
		{70CFF0CF-F167-4A0F-BE3B-C55C637FFD6A}.Debug|Any CPU.Build.0 = Debug|Any CPU
		{70CFF0CF-F167-4A0F-BE3B-C55C637FFD6A}.Release|Any CPU.ActiveCfg = Release|Any CPU
		{70CFF0CF-F167-4A0F-BE3B-C55C637FFD6A}.Release|Any CPU.Build.0 = Release|Any CPU
	EndGlobalSection
	GlobalSection(SolutionProperties) = preSolution
		HideSolutionNode = FALSE
	EndGlobalSection
	GlobalSection(ExtensibilityGlobals) = postSolution
		SolutionGuid = {EF73677F-CE00-44FF-91DA-EE4A2A486431}
	EndGlobalSection
EndGlobal
