
Microsoft Visual Studio Solution File, Format Version 12.00
# Visual Studio Version 17
VisualStudioVersion = 17.13.35919.96 d17.13
MinimumVisualStudioVersion = 10.0.40219.1
Project("{FAE04EC0-301F-11D3-BF4B-00C04F79EFBC}") = "DPM225414_TanNamDat_Refactory52_ReplaceConstructorwithFactoryMethod_before", "DPM225414_TanNamDat_Refactory52_ReplaceConstructorwithFactoryMethod_before.csproj", "{45B70739-6CA7-4FCC-B48F-14B49AA426CF}"
EndProject
Global
	GlobalSection(SolutionConfigurationPlatforms) = preSolution
		Debug|Any CPU = Debug|Any CPU
		Release|Any CPU = Release|Any CPU
	EndGlobalSection
	GlobalSection(ProjectConfigurationPlatforms) = postSolution
		{45B70739-6CA7-4FCC-B48F-14B49AA426CF}.Debug|Any CPU.ActiveCfg = Debug|Any CPU
		{45B70739-6CA7-4FCC-B48F-14B49AA426CF}.Debug|Any CPU.Build.0 = Debug|Any CPU
		{45B70739-6CA7-4FCC-B48F-14B49AA426CF}.Release|Any CPU.ActiveCfg = Release|Any CPU
		{45B70739-6CA7-4FCC-B48F-14B49AA426CF}.Release|Any CPU.Build.0 = Release|Any CPU
	EndGlobalSection
	GlobalSection(SolutionProperties) = preSolution
		HideSolutionNode = FALSE
	EndGlobalSection
	GlobalSection(ExtensibilityGlobals) = postSolution
		SolutionGuid = {263F6C31-34ED-4B9B-A5B6-5B7B63E25C2F}
	EndGlobalSection
EndGlobal
