
Microsoft Visual Studio Solution File, Format Version 12.00
# Visual Studio Version 17
VisualStudioVersion = 17.13.35919.96 d17.13
MinimumVisualStudioVersion = 10.0.40219.1
Project("{FAE04EC0-301F-11D3-BF4B-00C04F79EFBC}") = "DPM225414_TanNamDat_Refactory44_Separate Query from Modifier_before", "DPM225414_TanNamDat_Refactory44_Separate Query from Modifier_before.csproj", "{75237340-F4B2-457B-AD54-76C1490808CE}"
EndProject
Global
	GlobalSection(SolutionConfigurationPlatforms) = preSolution
		Debug|Any CPU = Debug|Any CPU
		Release|Any CPU = Release|Any CPU
	EndGlobalSection
	GlobalSection(ProjectConfigurationPlatforms) = postSolution
		{75237340-F4B2-457B-AD54-76C1490808CE}.Debug|Any CPU.ActiveCfg = Debug|Any CPU
		{75237340-F4B2-457B-AD54-76C1490808CE}.Debug|Any CPU.Build.0 = Debug|Any CPU
		{75237340-F4B2-457B-AD54-76C1490808CE}.Release|Any CPU.ActiveCfg = Release|Any CPU
		{75237340-F4B2-457B-AD54-76C1490808CE}.Release|Any CPU.Build.0 = Release|Any CPU
	EndGlobalSection
	GlobalSection(SolutionProperties) = preSolution
		HideSolutionNode = FALSE
	EndGlobalSection
	GlobalSection(ExtensibilityGlobals) = postSolution
		SolutionGuid = {4DF16A9D-1F6B-4CA6-817D-0CC995E72498}
	EndGlobalSection
EndGlobal
