
Microsoft Visual Studio Solution File, Format Version 12.00
# Visual Studio Version 17
VisualStudioVersion = 17.10.35027.167
MinimumVisualStudioVersion = 10.0.40219.1
Project("{FAE04EC0-301F-11D3-BF4B-00C04F79EFBC}") = "DPM225414_TanNamDat_Refactory09_SubstituteAlgorithm_before", "DPM225414_TanNamDat_Refactory09_SubstituteAlgorithm_before.csproj", "{9BC2771C-3092-41CB-883C-BD012F3C7E98}"
EndProject
Global
	GlobalSection(SolutionConfigurationPlatforms) = preSolution
		Debug|Any CPU = Debug|Any CPU
		Release|Any CPU = Release|Any CPU
	EndGlobalSection
	GlobalSection(ProjectConfigurationPlatforms) = postSolution
		{9BC2771C-3092-41CB-883C-BD012F3C7E98}.Debug|Any CPU.ActiveCfg = Debug|Any CPU
		{9BC2771C-3092-41CB-883C-BD012F3C7E98}.Debug|Any CPU.Build.0 = Debug|Any CPU
		{9BC2771C-3092-41CB-883C-BD012F3C7E98}.Release|Any CPU.ActiveCfg = Release|Any CPU
		{9BC2771C-3092-41CB-883C-BD012F3C7E98}.Release|Any CPU.Build.0 = Release|Any CPU
	EndGlobalSection
	GlobalSection(SolutionProperties) = preSolution
		HideSolutionNode = FALSE
	EndGlobalSection
	GlobalSection(ExtensibilityGlobals) = postSolution
		SolutionGuid = {00F55013-32C1-4F36-A0D9-62229E8A3C69}
	EndGlobalSection
EndGlobal
