
Microsoft Visual Studio Solution File, Format Version 12.00
# Visual Studio Version 17
VisualStudioVersion = 17.14.36301.6 d17.14
MinimumVisualStudioVersion = 10.0.40219.1
Project("{FAE04EC0-301F-11D3-BF4B-00C04F79EFBC}") = "DPM225452_DoanTrongNhan_28_EncapsulateCollection_1", "DPM225452_DoanTrongNhan_28_EncapsulateCollection_1\DPM225452_DoanTrongNhan_28_EncapsulateCollection_1.csproj", "{34BAA7AF-7A1F-4366-8688-F28930476648}"
EndProject
Global
	GlobalSection(SolutionConfigurationPlatforms) = preSolution
		Debug|Any CPU = Debug|Any CPU
		Release|Any CPU = Release|Any CPU
	EndGlobalSection
	GlobalSection(ProjectConfigurationPlatforms) = postSolution
		{34BAA7AF-7A1F-4366-8688-F28930476648}.Debug|Any CPU.ActiveCfg = Debug|Any CPU
		{34BAA7AF-7A1F-4366-8688-F28930476648}.Debug|Any CPU.Build.0 = Debug|Any CPU
		{34BAA7AF-7A1F-4366-8688-F28930476648}.Release|Any CPU.ActiveCfg = Release|Any CPU
		{34BAA7AF-7A1F-4366-8688-F28930476648}.Release|Any CPU.Build.0 = Release|Any CPU
	EndGlobalSection
	GlobalSection(SolutionProperties) = preSolution
		HideSolutionNode = FALSE
	EndGlobalSection
	GlobalSection(ExtensibilityGlobals) = postSolution
		SolutionGuid = {DFFC6F95-EFDE-4051-943C-176AE98E8057}
	EndGlobalSection
EndGlobal
